
Microsoft Visual Studio Solution File, Format Version 12.00
# Visual Studio Version 16
VisualStudioVersion = 16.0.29920.165
MinimumVisualStudioVersion = 10.0.40219.1
Project("{FAE04EC0-301F-11D3-BF4B-00C04F79EFBC}") = "PDFKeyValuesHelper", "PDFKeyValuesHelper\PDFKeyValuesHelper.csproj", "{BA8B5D8A-829D-4B8C-80CD-90ACC05215AD}"
EndProject
Project("{FAE04EC0-301F-11D3-BF4B-00C04F79EFBC}") = "PDFKeyValuesHelperTests", "PDFKeyValuesHelperTests\PDFKeyValuesHelperTests.csproj", "{8A3BE177-1ED9-4DB3-B6B6-7678DC2D3884}"
EndProject
Project("{2150E333-8FDC-42A3-9474-1A3956D46DE8}") = "Solution Items", "Solution Items", "{2DCC8596-E003-4D09-82D6-8202F0C25E39}"
	ProjectSection(SolutionItems) = preProject
		README.md = README.md
	EndProjectSection
EndProject
Global
	GlobalSection(SolutionConfigurationPlatforms) = preSolution
		Debug|Any CPU = Debug|Any CPU
		Release|Any CPU = Release|Any CPU
	EndGlobalSection
	GlobalSection(ProjectConfigurationPlatforms) = postSolution
		{BA8B5D8A-829D-4B8C-80CD-90ACC05215AD}.Debug|Any CPU.ActiveCfg = Debug|Any CPU
		{BA8B5D8A-829D-4B8C-80CD-90ACC05215AD}.Debug|Any CPU.Build.0 = Debug|Any CPU
		{BA8B5D8A-829D-4B8C-80CD-90ACC05215AD}.Release|Any CPU.ActiveCfg = Release|Any CPU
		{BA8B5D8A-829D-4B8C-80CD-90ACC05215AD}.Release|Any CPU.Build.0 = Release|Any CPU
		{8A3BE177-1ED9-4DB3-B6B6-7678DC2D3884}.Debug|Any CPU.ActiveCfg = Debug|Any CPU
		{8A3BE177-1ED9-4DB3-B6B6-7678DC2D3884}.Debug|Any CPU.Build.0 = Debug|Any CPU
		{8A3BE177-1ED9-4DB3-B6B6-7678DC2D3884}.Release|Any CPU.ActiveCfg = Release|Any CPU
		{8A3BE177-1ED9-4DB3-B6B6-7678DC2D3884}.Release|Any CPU.Build.0 = Release|Any CPU
	EndGlobalSection
	GlobalSection(SolutionProperties) = preSolution
		HideSolutionNode = FALSE
	EndGlobalSection
	GlobalSection(ExtensibilityGlobals) = postSolution
		SolutionGuid = {81E469AD-8411-4DDF-B630-0D3C2C8EC1B2}
	EndGlobalSection
EndGlobal
